# This file was autogenerated by Stack.
# You should not edit this file by hand.
# For more information, please see the documentation at:
#   https://docs.haskellstack.org/en/stable/lock_files

packages:
- completed:
    hackage: direct-murmur-hash-1.0.1@sha256:126017f23ae100489ef9fa712f761b86aed065bfdcfbfc5aede866f522c48d92,1095
    pantry-tree:
      size: 225
      sha256: e46e1772a9bfb178b8182ace1ead763dd4b07ea09e936b5d1c77f34e3d342e27
  original:
    hackage: direct-murmur-hash-1.0.1
- completed:
    hackage: pwstore-fast-2.4.4@sha256:9b6a37510d8b9f37f409a8ab3babac9181afcaaa3fce8ba1c131a7ed3de30698,1351
    pantry-tree:
      size: 270
      sha256: ff4a44ede62515efe5cd366a5803f7183c811c4a0cf56eea88da94181c4844c0
  original:
    hackage: pwstore-fast-2.4.4
- completed:
    hackage: twitter-types-0.10.1@sha256:5ebed648815b96f54b0b1d3e86b3443d8900a86ce3ab885d71fb8c1ba5aacbc0,1568
    pantry-tree:
      size: 2921
      sha256: 5edadc18ca570a7e53ef3b78415b7df64b429ee4374acfd604ee09a1d3bb10d6
  original:
    hackage: twitter-types-0.10.1
snapshots:
- completed:
    size: 563099
    url: https://raw.githubusercontent.com/commercialhaskell/stackage-snapshots/master/lts/17/3.yaml
    sha256: 1e9f31ec160a144f796bc49b91dfc2bab5eca88b1dcc93da569108febaf5b382
  original: lts-17.3
